{
  "version": 4,
  "terraform_version": "0.15.1",
  "serial": 2,
  "lineage": "4c338784-4f74-9d1b-19cc-f3d8a043ed2a",
  "outputs": {
    "vpcid": {
      "value": "vpc-064b63e37d0197f19",
      "type": "string"
    }
  },
  "resources": [
    {
      "mode": "managed",
      "type": "aws_vpc",
      "name": "myvpc",
      "provider": "provider[\"registry.terraform.io/hashicorp/aws\"]",
      "instances": [
        {
          "schema_version": 1,
          "attributes": {
            "arn": "arn:aws:ec2:ca-central-1:508860269429:vpc/vpc-064b63e37d0197f19",
            "assign_generated_ipv6_cidr_block": false,
            "cidr_block": "10.0.0.0/26",
            "default_network_acl_id": "acl-060125204c72a77d0",
            "default_route_table_id": "rtb-0139df887b0ba394a",
            "default_security_group_id": "sg-0269fc072c6ca6f45",
            "dhcp_options_id": "dopt-7e6c6416",
            "enable_classiclink": null,
            "enable_classiclink_dns_support": null,
            "enable_dns_hostnames": false,
            "enable_dns_support": true,
            "id": "vpc-064b63e37d0197f19",
            "instance_tenancy": "default",
            "ipv6_association_id": "",
            "ipv6_cidr_block": "",
            "main_route_table_id": "rtb-0139df887b0ba394a",
            "owner_id": "508860269429",
            "tags": {
              "Name": "demovpc-1"
            },
            "tags_all": {
              "Name": "demovpc-1"
            }
          },
          "sensitive_attributes": [],
          "private": "eyJzY2hlbWFfdmVyc2lvbiI6IjEifQ=="
        }
      ]
    }
  ]
}
