{
  "version": 4,
  "terraform_version": "0.15.1",
  "serial": 1,
  "lineage": "e2bdaa4a-7af7-7dcc-02de-3472b0536d53",
  "outputs": {},
  "resources": [
    {
      "mode": "managed",
      "type": "aws_vpc",
      "name": "my-vpc",
      "provider": "provider[\"registry.terraform.io/hashicorp/aws\"]",
      "instances": [
        {
          "schema_version": 1,
          "attributes": {
            "arn": "arn:aws:ec2:ca-central-1:508860269429:vpc/vpc-0419348296579e90b",
            "assign_generated_ipv6_cidr_block": false,
            "cidr_block": "10.0.0.0/16",
            "default_network_acl_id": "acl-05eb246c7838b4078",
            "default_route_table_id": "rtb-0b1b384f6538b82e5",
            "default_security_group_id": "sg-07e9cba1d666647f5",
            "dhcp_options_id": "dopt-7e6c6416",
            "enable_classiclink": null,
            "enable_classiclink_dns_support": null,
            "enable_dns_hostnames": false,
            "enable_dns_support": true,
            "id": "vpc-0419348296579e90b",
            "instance_tenancy": "default",
            "ipv6_association_id": "",
            "ipv6_cidr_block": "",
            "main_route_table_id": "rtb-0b1b384f6538b82e5",
            "owner_id": "508860269429",
            "tags": null,
            "tags_all": {}
          },
          "sensitive_attributes": [],
          "private": "eyJzY2hlbWFfdmVyc2lvbiI6IjEifQ=="
        }
      ]
    }
  ]
}
